// !$*UTF8*$!
{
	archiveVersion = 1;
	classes = {
	};
	objectVersion = 56;
	objects = {

/* Begin PBXBuildFile section */
		43010B3E2CCF904F00060277 /* TabBarController.swift in Sources */ = {isa = PBXBuildFile; fileRef = 43010B3D2CCF904F00060277 /* TabBarController.swift */; };
		43010B402CCF90DC00060277 /* StatisticsViewController.swift in Sources */ = {isa = PBXBuildFile; fileRef = 43010B3F2CCF90DC00060277 /* StatisticsViewController.swift */; };
		43010B482CD1141A00060277 /* TrackerModel.swift in Sources */ = {isa = PBXBuildFile; fileRef = 43010B472CD1141A00060277 /* TrackerModel.swift */; };
		43010B4A2CD115DE00060277 /* TrackerCategoryModel.swift in Sources */ = {isa = PBXBuildFile; fileRef = 43010B492CD115DE00060277 /* TrackerCategoryModel.swift */; };
		43010B4C2CD1160F00060277 /* TrackerRecordModel.swift in Sources */ = {isa = PBXBuildFile; fileRef = 43010B4B2CD1160F00060277 /* TrackerRecordModel.swift */; };
		43010B4E2CD2122400060277 /* TrackersCollectionViewCell.swift in Sources */ = {isa = PBXBuildFile; fileRef = 43010B4D2CD2122400060277 /* TrackersCollectionViewCell.swift */; };
		43010B512CD21A4100060277 /* TrackerTypeViewController.swift in Sources */ = {isa = PBXBuildFile; fileRef = 43010B502CD21A4100060277 /* TrackerTypeViewController.swift */; };
		436ECCE42CBD7625004ED70B /* AppDelegate.swift in Sources */ = {isa = PBXBuildFile; fileRef = 436ECCE32CBD7625004ED70B /* AppDelegate.swift */; };
		436ECCE62CBD7625004ED70B /* SceneDelegate.swift in Sources */ = {isa = PBXBuildFile; fileRef = 436ECCE52CBD7625004ED70B /* SceneDelegate.swift */; };
		436ECCE82CBD7625004ED70B /* ViewController.swift in Sources */ = {isa = PBXBuildFile; fileRef = 436ECCE72CBD7625004ED70B /* ViewController.swift */; };
		436ECCED2CBD7625004ED70B /* Assets.xcassets in Resources */ = {isa = PBXBuildFile; fileRef = 436ECCEC2CBD7625004ED70B /* Assets.xcassets */; };
		436ECCF02CBD7625004ED70B /* Base in Resources */ = {isa = PBXBuildFile; fileRef = 436ECCEF2CBD7625004ED70B /* Base */; };
		436ECCFA2CC7E76B004ED70B /* TrackersViewController.swift in Sources */ = {isa = PBXBuildFile; fileRef = 436ECCF92CC7E76B004ED70B /* TrackersViewController.swift */; };
		43A1FEE62CD4F9C900BE2123 /* TrackerCVHeader.swift in Sources */ = {isa = PBXBuildFile; fileRef = 43A1FEE52CD4F9C900BE2123 /* TrackerCVHeader.swift */; };
		43A1FEEA2CDE894400BE2123 /* GeometricParameters.swift in Sources */ = {isa = PBXBuildFile; fileRef = 43A1FEE92CDE894400BE2123 /* GeometricParameters.swift */; };
		43A1FEEC2CDF6FBD00BE2123 /* CreateHabitCollectionViewCell.swift in Sources */ = {isa = PBXBuildFile; fileRef = 43A1FEEB2CDF6FBD00BE2123 /* CreateHabitCollectionViewCell.swift */; };
		43A1FEEE2CDF703600BE2123 /* CreateHabitCVHeader.swift in Sources */ = {isa = PBXBuildFile; fileRef = 43A1FEED2CDF703600BE2123 /* CreateHabitCVHeader.swift */; };
		43A1FEF02CDF77F500BE2123 /* ColorCollectionViewCell.swift in Sources */ = {isa = PBXBuildFile; fileRef = 43A1FEEF2CDF77F500BE2123 /* ColorCollectionViewCell.swift */; };
		43A1FEF32CDFA42300BE2123 /* TrackerCoreData.xcdatamodeld in Sources */ = {isa = PBXBuildFile; fileRef = 43A1FEF12CDFA42300BE2123 /* TrackerCoreData.xcdatamodeld */; };
		43A1FEF82CDFB6A200BE2123 /* TrackerStore.swift in Sources */ = {isa = PBXBuildFile; fileRef = 43A1FEF72CDFB6A200BE2123 /* TrackerStore.swift */; };
		43A1FEFA2CDFB6AC00BE2123 /* TrackerCategoryStore.swift in Sources */ = {isa = PBXBuildFile; fileRef = 43A1FEF92CDFB6AC00BE2123 /* TrackerCategoryStore.swift */; };
		43A1FEFC2CDFB6BE00BE2123 /* TrackerRecordStore.swift in Sources */ = {isa = PBXBuildFile; fileRef = 43A1FEFB2CDFB6BE00BE2123 /* TrackerRecordStore.swift */; };
		43A1FEFF2CDFBB9500BE2123 /* WeekDayArrayTransformer.swift in Sources */ = {isa = PBXBuildFile; fileRef = 43A1FEFE2CDFBB9500BE2123 /* WeekDayArrayTransformer.swift */; };
		43A1FF012CDFBC1500BE2123 /* UIColorTransformer.swift in Sources */ = {isa = PBXBuildFile; fileRef = 43A1FF002CDFBC1500BE2123 /* UIColorTransformer.swift */; };
		43A1FF032CDFBE3A00BE2123 /* CoreDataManager.swift in Sources */ = {isa = PBXBuildFile; fileRef = 43A1FF022CDFBE3A00BE2123 /* CoreDataManager.swift */; };
		43AA4E072CD3825B007CC1C0 /* CreateHabbitViewController.swift in Sources */ = {isa = PBXBuildFile; fileRef = 43AA4E062CD3825B007CC1C0 /* CreateHabbitViewController.swift */; };
		43AA4E092CD38BA8007CC1C0 /* TrackerTypeDelegate.swift in Sources */ = {isa = PBXBuildFile; fileRef = 43AA4E082CD38BA8007CC1C0 /* TrackerTypeDelegate.swift */; };
		43AA4E0C2CD3A38C007CC1C0 /* SheduleViewController.swift in Sources */ = {isa = PBXBuildFile; fileRef = 43AA4E0B2CD3A38C007CC1C0 /* SheduleViewController.swift */; };
		43AA4E0E2CD3ABE6007CC1C0 /* SheduleDelegate.swift in Sources */ = {isa = PBXBuildFile; fileRef = 43AA4E0D2CD3ABE6007CC1C0 /* SheduleDelegate.swift */; };
/* End PBXBuildFile section */

/* Begin PBXFileReference section */
		43010B3D2CCF904F00060277 /* TabBarController.swift */ = {isa = PBXFileReference; lastKnownFileType = sourcecode.swift; path = TabBarController.swift; sourceTree = "<group>"; };
		43010B3F2CCF90DC00060277 /* StatisticsViewController.swift */ = {isa = PBXFileReference; lastKnownFileType = sourcecode.swift; path = StatisticsViewController.swift; sourceTree = "<group>"; };
		43010B472CD1141A00060277 /* TrackerModel.swift */ = {isa = PBXFileReference; lastKnownFileType = sourcecode.swift; path = TrackerModel.swift; sourceTree = "<group>"; };
		43010B492CD115DE00060277 /* TrackerCategoryModel.swift */ = {isa = PBXFileReference; lastKnownFileType = sourcecode.swift; path = TrackerCategoryModel.swift; sourceTree = "<group>"; };
		43010B4B2CD1160F00060277 /* TrackerRecordModel.swift */ = {isa = PBXFileReference; lastKnownFileType = sourcecode.swift; path = TrackerRecordModel.swift; sourceTree = "<group>"; };
		43010B4D2CD2122400060277 /* TrackersCollectionViewCell.swift */ = {isa = PBXFileReference; lastKnownFileType = sourcecode.swift; path = TrackersCollectionViewCell.swift; sourceTree = "<group>"; };
		43010B502CD21A4100060277 /* TrackerTypeViewController.swift */ = {isa = PBXFileReference; lastKnownFileType = sourcecode.swift; path = TrackerTypeViewController.swift; sourceTree = "<group>"; };
		436ECCE02CBD7625004ED70B /* Tracker.app */ = {isa = PBXFileReference; explicitFileType = wrapper.application; includeInIndex = 0; path = Tracker.app; sourceTree = BUILT_PRODUCTS_DIR; };
		436ECCE32CBD7625004ED70B /* AppDelegate.swift */ = {isa = PBXFileReference; lastKnownFileType = sourcecode.swift; path = AppDelegate.swift; sourceTree = "<group>"; };
		436ECCE52CBD7625004ED70B /* SceneDelegate.swift */ = {isa = PBXFileReference; lastKnownFileType = sourcecode.swift; path = SceneDelegate.swift; sourceTree = "<group>"; };
		436ECCE72CBD7625004ED70B /* ViewController.swift */ = {isa = PBXFileReference; lastKnownFileType = sourcecode.swift; path = ViewController.swift; sourceTree = "<group>"; };
		436ECCEC2CBD7625004ED70B /* Assets.xcassets */ = {isa = PBXFileReference; lastKnownFileType = folder.assetcatalog; path = Assets.xcassets; sourceTree = "<group>"; };
		436ECCEF2CBD7625004ED70B /* Base */ = {isa = PBXFileReference; lastKnownFileType = file.storyboard; name = Base; path = Base.lproj/LaunchScreen.storyboard; sourceTree = "<group>"; };
		436ECCF12CBD7625004ED70B /* Info.plist */ = {isa = PBXFileReference; lastKnownFileType = text.plist.xml; path = Info.plist; sourceTree = "<group>"; };
		436ECCF92CC7E76B004ED70B /* TrackersViewController.swift */ = {isa = PBXFileReference; lastKnownFileType = sourcecode.swift; path = TrackersViewController.swift; sourceTree = "<group>"; };
		43A1FEE52CD4F9C900BE2123 /* TrackerCVHeader.swift */ = {isa = PBXFileReference; lastKnownFileType = sourcecode.swift; path = TrackerCVHeader.swift; sourceTree = "<group>"; };
		43A1FEE92CDE894400BE2123 /* GeometricParameters.swift */ = {isa = PBXFileReference; lastKnownFileType = sourcecode.swift; path = GeometricParameters.swift; sourceTree = "<group>"; };
		43A1FEEB2CDF6FBD00BE2123 /* CreateHabitCollectionViewCell.swift */ = {isa = PBXFileReference; lastKnownFileType = sourcecode.swift; path = CreateHabitCollectionViewCell.swift; sourceTree = "<group>"; };
		43A1FEED2CDF703600BE2123 /* CreateHabitCVHeader.swift */ = {isa = PBXFileReference; lastKnownFileType = sourcecode.swift; path = CreateHabitCVHeader.swift; sourceTree = "<group>"; };
		43A1FEEF2CDF77F500BE2123 /* ColorCollectionViewCell.swift */ = {isa = PBXFileReference; lastKnownFileType = sourcecode.swift; path = ColorCollectionViewCell.swift; sourceTree = "<group>"; };
		43A1FEF22CDFA42300BE2123 /* TrackerCoreData.xcdatamodel */ = {isa = PBXFileReference; lastKnownFileType = wrapper.xcdatamodel; path = TrackerCoreData.xcdatamodel; sourceTree = "<group>"; };
		43A1FEF72CDFB6A200BE2123 /* TrackerStore.swift */ = {isa = PBXFileReference; lastKnownFileType = sourcecode.swift; path = TrackerStore.swift; sourceTree = "<group>"; };
		43A1FEF92CDFB6AC00BE2123 /* TrackerCategoryStore.swift */ = {isa = PBXFileReference; lastKnownFileType = sourcecode.swift; path = TrackerCategoryStore.swift; sourceTree = "<group>"; };
		43A1FEFB2CDFB6BE00BE2123 /* TrackerRecordStore.swift */ = {isa = PBXFileReference; lastKnownFileType = sourcecode.swift; path = TrackerRecordStore.swift; sourceTree = "<group>"; };
		43A1FEFE2CDFBB9500BE2123 /* WeekDayArrayTransformer.swift */ = {isa = PBXFileReference; lastKnownFileType = sourcecode.swift; path = WeekDayArrayTransformer.swift; sourceTree = "<group>"; };
		43A1FF002CDFBC1500BE2123 /* UIColorTransformer.swift */ = {isa = PBXFileReference; lastKnownFileType = sourcecode.swift; path = UIColorTransformer.swift; sourceTree = "<group>"; };
		43A1FF022CDFBE3A00BE2123 /* CoreDataManager.swift */ = {isa = PBXFileReference; lastKnownFileType = sourcecode.swift; path = CoreDataManager.swift; sourceTree = "<group>"; };
		43AA4E062CD3825B007CC1C0 /* CreateHabbitViewController.swift */ = {isa = PBXFileReference; lastKnownFileType = sourcecode.swift; path = CreateHabbitViewController.swift; sourceTree = "<group>"; };
		43AA4E082CD38BA8007CC1C0 /* TrackerTypeDelegate.swift */ = {isa = PBXFileReference; lastKnownFileType = sourcecode.swift; path = TrackerTypeDelegate.swift; sourceTree = "<group>"; };
		43AA4E0B2CD3A38C007CC1C0 /* SheduleViewController.swift */ = {isa = PBXFileReference; lastKnownFileType = sourcecode.swift; path = SheduleViewController.swift; sourceTree = "<group>"; };
		43AA4E0D2CD3ABE6007CC1C0 /* SheduleDelegate.swift */ = {isa = PBXFileReference; lastKnownFileType = sourcecode.swift; path = SheduleDelegate.swift; sourceTree = "<group>"; };
/* End PBXFileReference section */

/* Begin PBXFrameworksBuildPhase section */
		436ECCDD2CBD7625004ED70B /* Frameworks */ = {
			isa = PBXFrameworksBuildPhase;
			buildActionMask = 2147483647;
			files = (
			);
			runOnlyForDeploymentPostprocessing = 0;
		};
/* End PBXFrameworksBuildPhase section */

/* Begin PBXGroup section */
		43010B3C2CCF902100060277 /* TabBarController */ = {
			isa = PBXGroup;
			children = (
				43010B3D2CCF904F00060277 /* TabBarController.swift */,
			);
			path = TabBarController;
			sourceTree = "<group>";
		};
		43010B462CD1140C00060277 /* Models */ = {
			isa = PBXGroup;
			children = (
				43010B472CD1141A00060277 /* TrackerModel.swift */,
				43010B492CD115DE00060277 /* TrackerCategoryModel.swift */,
				43010B4B2CD1160F00060277 /* TrackerRecordModel.swift */,
				43A1FEE92CDE894400BE2123 /* GeometricParameters.swift */,
			);
			path = Models;
			sourceTree = "<group>";
		};
		436ECCD72CBD7624004ED70B = {
			isa = PBXGroup;
			children = (
				436ECCE22CBD7625004ED70B /* Tracker */,
				436ECCE12CBD7625004ED70B /* Products */,
			);
			sourceTree = "<group>";
		};
		436ECCE12CBD7625004ED70B /* Products */ = {
			isa = PBXGroup;
			children = (
				436ECCE02CBD7625004ED70B /* Tracker.app */,
			);
			name = Products;
			sourceTree = "<group>";
		};
		436ECCE22CBD7625004ED70B /* Tracker */ = {
			isa = PBXGroup;
			children = (
				43A1FEFD2CDFBB5800BE2123 /* Core Data */,
				43AA4E0A2CD3A35F007CC1C0 /* CreateHabbitViewController */,
				43010B462CD1140C00060277 /* Models */,
				43010B3C2CCF902100060277 /* TabBarController */,
				436ECCF82CC7E741004ED70B /* StatisticsViewController */,
				436ECCF72CC7E72F004ED70B /* TrackersViewController */,
				436ECCE32CBD7625004ED70B /* AppDelegate.swift */,
				436ECCE52CBD7625004ED70B /* SceneDelegate.swift */,
				436ECCE72CBD7625004ED70B /* ViewController.swift */,
				436ECCEC2CBD7625004ED70B /* Assets.xcassets */,
				436ECCEE2CBD7625004ED70B /* LaunchScreen.storyboard */,
				436ECCF12CBD7625004ED70B /* Info.plist */,
			);
			path = Tracker;
			sourceTree = "<group>";
		};
		436ECCF72CC7E72F004ED70B /* TrackersViewController */ = {
			isa = PBXGroup;
			children = (
				436ECCF92CC7E76B004ED70B /* TrackersViewController.swift */,
				43010B4D2CD2122400060277 /* TrackersCollectionViewCell.swift */,
				43010B502CD21A4100060277 /* TrackerTypeViewController.swift */,
				43AA4E082CD38BA8007CC1C0 /* TrackerTypeDelegate.swift */,
				43A1FEE52CD4F9C900BE2123 /* TrackerCVHeader.swift */,
			);
			path = TrackersViewController;
			sourceTree = "<group>";
		};
		436ECCF82CC7E741004ED70B /* StatisticsViewController */ = {
			isa = PBXGroup;
			children = (
				43010B3F2CCF90DC00060277 /* StatisticsViewController.swift */,
			);
			path = StatisticsViewController;
			sourceTree = "<group>";
		};
		43A1FEFD2CDFBB5800BE2123 /* Core Data */ = {
			isa = PBXGroup;
			children = (
				43A1FEF12CDFA42300BE2123 /* TrackerCoreData.xcdatamodeld */,
				43A1FEF72CDFB6A200BE2123 /* TrackerStore.swift */,
				43A1FEF92CDFB6AC00BE2123 /* TrackerCategoryStore.swift */,
				43A1FEFB2CDFB6BE00BE2123 /* TrackerRecordStore.swift */,
				43A1FEFE2CDFBB9500BE2123 /* WeekDayArrayTransformer.swift */,
				43A1FF002CDFBC1500BE2123 /* UIColorTransformer.swift */,
				43A1FF022CDFBE3A00BE2123 /* CoreDataManager.swift */,
			);
			path = "Core Data";
			sourceTree = "<group>";
		};
		43AA4E0A2CD3A35F007CC1C0 /* CreateHabbitViewController */ = {
			isa = PBXGroup;
			children = (
				43AA4E062CD3825B007CC1C0 /* CreateHabbitViewController.swift */,
				43AA4E0B2CD3A38C007CC1C0 /* SheduleViewController.swift */,
				43AA4E0D2CD3ABE6007CC1C0 /* SheduleDelegate.swift */,
				43A1FEEB2CDF6FBD00BE2123 /* CreateHabitCollectionViewCell.swift */,
				43A1FEED2CDF703600BE2123 /* CreateHabitCVHeader.swift */,
				43A1FEEF2CDF77F500BE2123 /* ColorCollectionViewCell.swift */,
			);
			path = CreateHabbitViewController;
			sourceTree = "<group>";
		};
/* End PBXGroup section */

/* Begin PBXNativeTarget section */
		436ECCDF2CBD7625004ED70B /* Tracker */ = {
			isa = PBXNativeTarget;
			buildConfigurationList = 436ECCF42CBD7625004ED70B /* Build configuration list for PBXNativeTarget "Tracker" */;
			buildPhases = (
				436ECCDC2CBD7625004ED70B /* Sources */,
				436ECCDD2CBD7625004ED70B /* Frameworks */,
				436ECCDE2CBD7625004ED70B /* Resources */,
			);
			buildRules = (
			);
			dependencies = (
			);
			name = Tracker;
			productName = Tracker;
			productReference = 436ECCE02CBD7625004ED70B /* Tracker.app */;
			productType = "com.apple.product-type.application";
		};
/* End PBXNativeTarget section */

/* Begin PBXProject section */
		436ECCD82CBD7624004ED70B /* Project object */ = {
			isa = PBXProject;
			attributes = {
				BuildIndependentTargetsInParallel = 1;
				LastSwiftUpdateCheck = 1540;
				LastUpgradeCheck = 1540;
				TargetAttributes = {
					436ECCDF2CBD7625004ED70B = {
						CreatedOnToolsVersion = 15.4;
					};
				};
			};
			buildConfigurationList = 436ECCDB2CBD7624004ED70B /* Build configuration list for PBXProject "Tracker" */;
			compatibilityVersion = "Xcode 14.0";
			developmentRegion = en;
			hasScannedForEncodings = 0;
			knownRegions = (
				en,
				Base,
			);
			mainGroup = 436ECCD72CBD7624004ED70B;
			productRefGroup = 436ECCE12CBD7625004ED70B /* Products */;
			projectDirPath = "";
			projectRoot = "";
			targets = (
				436ECCDF2CBD7625004ED70B /* Tracker */,
			);
		};
/* End PBXProject section */

/* Begin PBXResourcesBuildPhase section */
		436ECCDE2CBD7625004ED70B /* Resources */ = {
			isa = PBXResourcesBuildPhase;
			buildActionMask = 2147483647;
			files = (
				436ECCED2CBD7625004ED70B /* Assets.xcassets in Resources */,
				436ECCF02CBD7625004ED70B /* Base in Resources */,
			);
			runOnlyForDeploymentPostprocessing = 0;
		};
/* End PBXResourcesBuildPhase section */

/* Begin PBXSourcesBuildPhase section */
		436ECCDC2CBD7625004ED70B /* Sources */ = {
			isa = PBXSourcesBuildPhase;
			buildActionMask = 2147483647;
			files = (
				43010B4A2CD115DE00060277 /* TrackerCategoryModel.swift in Sources */,
				43A1FEEA2CDE894400BE2123 /* GeometricParameters.swift in Sources */,
				43010B512CD21A4100060277 /* TrackerTypeViewController.swift in Sources */,
				43A1FEFF2CDFBB9500BE2123 /* WeekDayArrayTransformer.swift in Sources */,
				43A1FEF32CDFA42300BE2123 /* TrackerCoreData.xcdatamodeld in Sources */,
				43A1FEEC2CDF6FBD00BE2123 /* CreateHabitCollectionViewCell.swift in Sources */,
				43A1FF032CDFBE3A00BE2123 /* CoreDataManager.swift in Sources */,
				43AA4E0E2CD3ABE6007CC1C0 /* SheduleDelegate.swift in Sources */,
				43A1FEF82CDFB6A200BE2123 /* TrackerStore.swift in Sources */,
				436ECCE82CBD7625004ED70B /* ViewController.swift in Sources */,
				43A1FF012CDFBC1500BE2123 /* UIColorTransformer.swift in Sources */,
				436ECCFA2CC7E76B004ED70B /* TrackersViewController.swift in Sources */,
				436ECCE42CBD7625004ED70B /* AppDelegate.swift in Sources */,
				43010B4C2CD1160F00060277 /* TrackerRecordModel.swift in Sources */,
				43010B402CCF90DC00060277 /* StatisticsViewController.swift in Sources */,
				43A1FEF02CDF77F500BE2123 /* ColorCollectionViewCell.swift in Sources */,
				43AA4E092CD38BA8007CC1C0 /* TrackerTypeDelegate.swift in Sources */,
				43A1FEFA2CDFB6AC00BE2123 /* TrackerCategoryStore.swift in Sources */,
				43AA4E0C2CD3A38C007CC1C0 /* SheduleViewController.swift in Sources */,
				43AA4E072CD3825B007CC1C0 /* CreateHabbitViewController.swift in Sources */,
				43010B3E2CCF904F00060277 /* TabBarController.swift in Sources */,
				43A1FEEE2CDF703600BE2123 /* CreateHabitCVHeader.swift in Sources */,
				43A1FEFC2CDFB6BE00BE2123 /* TrackerRecordStore.swift in Sources */,
				436ECCE62CBD7625004ED70B /* SceneDelegate.swift in Sources */,
				43010B4E2CD2122400060277 /* TrackersCollectionViewCell.swift in Sources */,
				43A1FEE62CD4F9C900BE2123 /* TrackerCVHeader.swift in Sources */,
				43010B482CD1141A00060277 /* TrackerModel.swift in Sources */,
			);
			runOnlyForDeploymentPostprocessing = 0;
		};
/* End PBXSourcesBuildPhase section */

/* Begin PBXVariantGroup section */
		436ECCEE2CBD7625004ED70B /* LaunchScreen.storyboard */ = {
			isa = PBXVariantGroup;
			children = (
				436ECCEF2CBD7625004ED70B /* Base */,
			);
			name = LaunchScreen.storyboard;
			sourceTree = "<group>";
		};
/* End PBXVariantGroup section */

/* Begin XCBuildConfiguration section */
		436ECCF22CBD7625004ED70B /* Debug */ = {
			isa = XCBuildConfiguration;
			buildSettings = {
				ALWAYS_SEARCH_USER_PATHS = NO;
				ASSETCATALOG_COMPILER_GENERATE_SWIFT_ASSET_SYMBOL_EXTENSIONS = YES;
				CLANG_ANALYZER_NONNULL = YES;
				CLANG_ANALYZER_NUMBER_OBJECT_CONVERSION = YES_AGGRESSIVE;
				CLANG_CXX_LANGUAGE_STANDARD = "gnu++20";
				CLANG_ENABLE_MODULES = YES;
				CLANG_ENABLE_OBJC_ARC = YES;
				CLANG_ENABLE_OBJC_WEAK = YES;
				CLANG_WARN_BLOCK_CAPTURE_AUTORELEASING = YES;
				CLANG_WARN_BOOL_CONVERSION = YES;
				CLANG_WARN_COMMA = YES;
				CLANG_WARN_CONSTANT_CONVERSION = YES;
				CLANG_WARN_DEPRECATED_OBJC_IMPLEMENTATIONS = YES;
				CLANG_WARN_DIRECT_OBJC_ISA_USAGE = YES_ERROR;
				CLANG_WARN_DOCUMENTATION_COMMENTS = YES;
				CLANG_WARN_EMPTY_BODY = YES;
				CLANG_WARN_ENUM_CONVERSION = YES;
				CLANG_WARN_INFINITE_RECURSION = YES;
				CLANG_WARN_INT_CONVERSION = YES;
				CLANG_WARN_NON_LITERAL_NULL_CONVERSION = YES;
				CLANG_WARN_OBJC_IMPLICIT_RETAIN_SELF = YES;
				CLANG_WARN_OBJC_LITERAL_CONVERSION = YES;
				CLANG_WARN_OBJC_ROOT_CLASS = YES_ERROR;
				CLANG_WARN_QUOTED_INCLUDE_IN_FRAMEWORK_HEADER = YES;
				CLANG_WARN_RANGE_LOOP_ANALYSIS = YES;
				CLANG_WARN_STRICT_PROTOTYPES = YES;
				CLANG_WARN_SUSPICIOUS_MOVE = YES;
				CLANG_WARN_UNGUARDED_AVAILABILITY = YES_AGGRESSIVE;
				CLANG_WARN_UNREACHABLE_CODE = YES;
				CLANG_WARN__DUPLICATE_METHOD_MATCH = YES;
				COPY_PHASE_STRIP = NO;
				DEBUG_INFORMATION_FORMAT = dwarf;
				ENABLE_STRICT_OBJC_MSGSEND = YES;
				ENABLE_TESTABILITY = YES;
				ENABLE_USER_SCRIPT_SANDBOXING = YES;
				GCC_C_LANGUAGE_STANDARD = gnu17;
				GCC_DYNAMIC_NO_PIC = NO;
				GCC_NO_COMMON_BLOCKS = YES;
				GCC_OPTIMIZATION_LEVEL = 0;
				GCC_PREPROCESSOR_DEFINITIONS = (
					"DEBUG=1",
					"$(inherited)",
				);
				GCC_WARN_64_TO_32_BIT_CONVERSION = YES;
				GCC_WARN_ABOUT_RETURN_TYPE = YES_ERROR;
				GCC_WARN_UNDECLARED_SELECTOR = YES;
				GCC_WARN_UNINITIALIZED_AUTOS = YES_AGGRESSIVE;
				GCC_WARN_UNUSED_FUNCTION = YES;
				GCC_WARN_UNUSED_VARIABLE = YES;
				IPHONEOS_DEPLOYMENT_TARGET = 17.5;
				LOCALIZATION_PREFERS_STRING_CATALOGS = YES;
				MTL_ENABLE_DEBUG_INFO = INCLUDE_SOURCE;
				MTL_FAST_MATH = YES;
				ONLY_ACTIVE_ARCH = YES;
				SDKROOT = iphoneos;
				SWIFT_ACTIVE_COMPILATION_CONDITIONS = "DEBUG $(inherited)";
				SWIFT_OPTIMIZATION_LEVEL = "-Onone";
			};
			name = Debug;
		};
		436ECCF32CBD7625004ED70B /* Release */ = {
			isa = XCBuildConfiguration;
			buildSettings = {
				ALWAYS_SEARCH_USER_PATHS = NO;
				ASSETCATALOG_COMPILER_GENERATE_SWIFT_ASSET_SYMBOL_EXTENSIONS = YES;
				CLANG_ANALYZER_NONNULL = YES;
				CLANG_ANALYZER_NUMBER_OBJECT_CONVERSION = YES_AGGRESSIVE;
				CLANG_CXX_LANGUAGE_STANDARD = "gnu++20";
				CLANG_ENABLE_MODULES = YES;
				CLANG_ENABLE_OBJC_ARC = YES;
				CLANG_ENABLE_OBJC_WEAK = YES;
				CLANG_WARN_BLOCK_CAPTURE_AUTORELEASING = YES;
				CLANG_WARN_BOOL_CONVERSION = YES;
				CLANG_WARN_COMMA = YES;
				CLANG_WARN_CONSTANT_CONVERSION = YES;
				CLANG_WARN_DEPRECATED_OBJC_IMPLEMENTATIONS = YES;
				CLANG_WARN_DIRECT_OBJC_ISA_USAGE = YES_ERROR;
				CLANG_WARN_DOCUMENTATION_COMMENTS = YES;
				CLANG_WARN_EMPTY_BODY = YES;
				CLANG_WARN_ENUM_CONVERSION = YES;
				CLANG_WARN_INFINITE_RECURSION = YES;
				CLANG_WARN_INT_CONVERSION = YES;
				CLANG_WARN_NON_LITERAL_NULL_CONVERSION = YES;
				CLANG_WARN_OBJC_IMPLICIT_RETAIN_SELF = YES;
				CLANG_WARN_OBJC_LITERAL_CONVERSION = YES;
				CLANG_WARN_OBJC_ROOT_CLASS = YES_ERROR;
				CLANG_WARN_QUOTED_INCLUDE_IN_FRAMEWORK_HEADER = YES;
				CLANG_WARN_RANGE_LOOP_ANALYSIS = YES;
				CLANG_WARN_STRICT_PROTOTYPES = YES;
				CLANG_WARN_SUSPICIOUS_MOVE = YES;
				CLANG_WARN_UNGUARDED_AVAILABILITY = YES_AGGRESSIVE;
				CLANG_WARN_UNREACHABLE_CODE = YES;
				CLANG_WARN__DUPLICATE_METHOD_MATCH = YES;
				COPY_PHASE_STRIP = NO;
				DEBUG_INFORMATION_FORMAT = "dwarf-with-dsym";
				ENABLE_NS_ASSERTIONS = NO;
				ENABLE_STRICT_OBJC_MSGSEND = YES;
				ENABLE_USER_SCRIPT_SANDBOXING = YES;
				GCC_C_LANGUAGE_STANDARD = gnu17;
				GCC_NO_COMMON_BLOCKS = YES;
				GCC_WARN_64_TO_32_BIT_CONVERSION = YES;
				GCC_WARN_ABOUT_RETURN_TYPE = YES_ERROR;
				GCC_WARN_UNDECLARED_SELECTOR = YES;
				GCC_WARN_UNINITIALIZED_AUTOS = YES_AGGRESSIVE;
				GCC_WARN_UNUSED_FUNCTION = YES;
				GCC_WARN_UNUSED_VARIABLE = YES;
				IPHONEOS_DEPLOYMENT_TARGET = 17.5;
				LOCALIZATION_PREFERS_STRING_CATALOGS = YES;
				MTL_ENABLE_DEBUG_INFO = NO;
				MTL_FAST_MATH = YES;
				SDKROOT = iphoneos;
				SWIFT_COMPILATION_MODE = wholemodule;
				VALIDATE_PRODUCT = YES;
			};
			name = Release;
		};
		436ECCF52CBD7625004ED70B /* Debug */ = {
			isa = XCBuildConfiguration;
			buildSettings = {
				ASSETCATALOG_COMPILER_APPICON_NAME = AppIcon;
				ASSETCATALOG_COMPILER_GLOBAL_ACCENT_COLOR_NAME = AccentColor;
				CODE_SIGN_STYLE = Automatic;
				CURRENT_PROJECT_VERSION = 1;
				DEVELOPMENT_TEAM = V6DMK3YX7D;
				GENERATE_INFOPLIST_FILE = YES;
				INFOPLIST_FILE = Tracker/Info.plist;
				INFOPLIST_KEY_UIApplicationSupportsIndirectInputEvents = YES;
				INFOPLIST_KEY_UILaunchStoryboardName = LaunchScreen;
				INFOPLIST_KEY_UISupportedInterfaceOrientations = UIInterfaceOrientationPortrait;
				INFOPLIST_KEY_UISupportedInterfaceOrientations_iPad = UIInterfaceOrientationPortrait;
				IPHONEOS_DEPLOYMENT_TARGET = 13.4;
				LD_RUNPATH_SEARCH_PATHS = (
					"$(inherited)",
					"@executable_path/Frameworks",
				);
				MARKETING_VERSION = 1.0;
				PRODUCT_BUNDLE_IDENTIFIER = ru.yandex.practicum.Tracker;
				PRODUCT_NAME = "$(TARGET_NAME)";
				SWIFT_EMIT_LOC_STRINGS = YES;
				SWIFT_VERSION = 5.0;
				TARGETED_DEVICE_FAMILY = 1;
			};
			name = Debug;
		};
		436ECCF62CBD7625004ED70B /* Release */ = {
			isa = XCBuildConfiguration;
			buildSettings = {
				ASSETCATALOG_COMPILER_APPICON_NAME = AppIcon;
				ASSETCATALOG_COMPILER_GLOBAL_ACCENT_COLOR_NAME = AccentColor;
				CODE_SIGN_STYLE = Automatic;
				CURRENT_PROJECT_VERSION = 1;
				DEVELOPMENT_TEAM = V6DMK3YX7D;
				GENERATE_INFOPLIST_FILE = YES;
				INFOPLIST_FILE = Tracker/Info.plist;
				INFOPLIST_KEY_UIApplicationSupportsIndirectInputEvents = YES;
				INFOPLIST_KEY_UILaunchStoryboardName = LaunchScreen;
				INFOPLIST_KEY_UISupportedInterfaceOrientations = UIInterfaceOrientationPortrait;
				INFOPLIST_KEY_UISupportedInterfaceOrientations_iPad = UIInterfaceOrientationPortrait;
				IPHONEOS_DEPLOYMENT_TARGET = 13.4;
				LD_RUNPATH_SEARCH_PATHS = (
					"$(inherited)",
					"@executable_path/Frameworks",
				);
				MARKETING_VERSION = 1.0;
				PRODUCT_BUNDLE_IDENTIFIER = ru.yandex.practicum.Tracker;
				PRODUCT_NAME = "$(TARGET_NAME)";
				SWIFT_EMIT_LOC_STRINGS = YES;
				SWIFT_VERSION = 5.0;
				TARGETED_DEVICE_FAMILY = 1;
			};
			name = Release;
		};
/* End XCBuildConfiguration section */

/* Begin XCConfigurationList section */
		436ECCDB2CBD7624004ED70B /* Build configuration list for PBXProject "Tracker" */ = {
			isa = XCConfigurationList;
			buildConfigurations = (
				436ECCF22CBD7625004ED70B /* Debug */,
				436ECCF32CBD7625004ED70B /* Release */,
			);
			defaultConfigurationIsVisible = 0;
			defaultConfigurationName = Release;
		};
		436ECCF42CBD7625004ED70B /* Build configuration list for PBXNativeTarget "Tracker" */ = {
			isa = XCConfigurationList;
			buildConfigurations = (
				436ECCF52CBD7625004ED70B /* Debug */,
				436ECCF62CBD7625004ED70B /* Release */,
			);
			defaultConfigurationIsVisible = 0;
			defaultConfigurationName = Release;
		};
/* End XCConfigurationList section */

/* Begin XCVersionGroup section */
		43A1FEF12CDFA42300BE2123 /* TrackerCoreData.xcdatamodeld */ = {
			isa = XCVersionGroup;
			children = (
				43A1FEF22CDFA42300BE2123 /* TrackerCoreData.xcdatamodel */,
			);
			currentVersion = 43A1FEF22CDFA42300BE2123 /* TrackerCoreData.xcdatamodel */;
			path = TrackerCoreData.xcdatamodeld;
			sourceTree = "<group>";
			versionGroupType = wrapper.xcdatamodel;
		};
/* End XCVersionGroup section */
	};
	rootObject = 436ECCD82CBD7624004ED70B /* Project object */;
}
