// !$*UTF8*$!
{
	archiveVersion = 1;
	classes = {
	};
	objectVersion = 56;
	objects = {

/* Begin PBXBuildFile section */
		1019DA5D90E0B157FA8B4A7E /* Pods_Tracker.framework in Frameworks */ = {isa = PBXBuildFile; fileRef = 22CD8A29680B8B8809B20901 /* Pods_Tracker.framework */; };
		43010B402CCF90DC00060277 /* StatisticsViewController.swift in Sources */ = {isa = PBXBuildFile; fileRef = 43010B3F2CCF90DC00060277 /* StatisticsViewController.swift */; };
		43010B482CD1141A00060277 /* TrackerModel.swift in Sources */ = {isa = PBXBuildFile; fileRef = 43010B472CD1141A00060277 /* TrackerModel.swift */; };
		43010B4A2CD115DE00060277 /* TrackerCategoryModel.swift in Sources */ = {isa = PBXBuildFile; fileRef = 43010B492CD115DE00060277 /* TrackerCategoryModel.swift */; };
		43010B4C2CD1160F00060277 /* TrackerRecordModel.swift in Sources */ = {isa = PBXBuildFile; fileRef = 43010B4B2CD1160F00060277 /* TrackerRecordModel.swift */; };
		43010B4E2CD2122400060277 /* TrackersCollectionViewCell.swift in Sources */ = {isa = PBXBuildFile; fileRef = 43010B4D2CD2122400060277 /* TrackersCollectionViewCell.swift */; };
		43010B512CD21A4100060277 /* TrackerTypeViewController.swift in Sources */ = {isa = PBXBuildFile; fileRef = 43010B502CD21A4100060277 /* TrackerTypeViewController.swift */; };
		43534C662CFDF2C500CFE18C /* OnboardingViewController.swift in Sources */ = {isa = PBXBuildFile; fileRef = 43534C652CFDF2C500CFE18C /* OnboardingViewController.swift */; };
		43534C682CFEF21E00CFE18C /* StateStorage.swift in Sources */ = {isa = PBXBuildFile; fileRef = 43534C672CFEF21E00CFE18C /* StateStorage.swift */; };
		43534C6B2CFEF4F500CFE18C /* CategoryViewContoller.swift in Sources */ = {isa = PBXBuildFile; fileRef = 43534C6A2CFEF4F500CFE18C /* CategoryViewContoller.swift */; };
		43534C6D2CFEF4FF00CFE18C /* CategoryViewModel.swift in Sources */ = {isa = PBXBuildFile; fileRef = 43534C6C2CFEF4FF00CFE18C /* CategoryViewModel.swift */; };
		43534C6F2CFF0AE500CFE18C /* CategoryTableViewCell.swift in Sources */ = {isa = PBXBuildFile; fileRef = 43534C6E2CFF0AE500CFE18C /* CategoryTableViewCell.swift */; };
		43534C712CFF16C100CFE18C /* NewCategoryViewController.swift in Sources */ = {isa = PBXBuildFile; fileRef = 43534C702CFF16C100CFE18C /* NewCategoryViewController.swift */; };
		43534C752CFF509700CFE18C /* CustomButton.swift in Sources */ = {isa = PBXBuildFile; fileRef = 43534C742CFF509700CFE18C /* CustomButton.swift */; };
		43534C782CFF603300CFE18C /* UIViewController+NavBar.swift in Sources */ = {isa = PBXBuildFile; fileRef = 43534C772CFF603300CFE18C /* UIViewController+NavBar.swift */; };
		43534C872D00AA4C00CFE18C /* UIColor.swift in Sources */ = {isa = PBXBuildFile; fileRef = 43534C862D00AA4C00CFE18C /* UIColor.swift */; };
		43534C8A2D00AA9400CFE18C /* FilterTableViewCell.swift in Sources */ = {isa = PBXBuildFile; fileRef = 43534C892D00AA9400CFE18C /* FilterTableViewCell.swift */; };
		43534C8C2D00AAA700CFE18C /* FilterViewController.swift in Sources */ = {isa = PBXBuildFile; fileRef = 43534C8B2D00AAA700CFE18C /* FilterViewController.swift */; };
		43534C8E2D00AB0100CFE18C /* FilterOptions.swift in Sources */ = {isa = PBXBuildFile; fileRef = 43534C8D2D00AB0100CFE18C /* FilterOptions.swift */; };
		43534C902D018EE900CFE18C /* UITableVIew+Cell.swift in Sources */ = {isa = PBXBuildFile; fileRef = 43534C8F2D018EE900CFE18C /* UITableVIew+Cell.swift */; };
		43534C992D019A4800CFE18C /* Localizable.strings in Resources */ = {isa = PBXBuildFile; fileRef = 43534C972D019A4800CFE18C /* Localizable.strings */; };
		43534C9C2D019A5200CFE18C /* Localizable.stringsdict in Resources */ = {isa = PBXBuildFile; fileRef = 43534C9A2D019A5200CFE18C /* Localizable.stringsdict */; };
		436ECCE42CBD7625004ED70B /* AppDelegate.swift in Sources */ = {isa = PBXBuildFile; fileRef = 436ECCE32CBD7625004ED70B /* AppDelegate.swift */; };
		436ECCE62CBD7625004ED70B /* SceneDelegate.swift in Sources */ = {isa = PBXBuildFile; fileRef = 436ECCE52CBD7625004ED70B /* SceneDelegate.swift */; };
		436ECCE82CBD7625004ED70B /* ViewController.swift in Sources */ = {isa = PBXBuildFile; fileRef = 436ECCE72CBD7625004ED70B /* ViewController.swift */; };
		436ECCED2CBD7625004ED70B /* Assets.xcassets in Resources */ = {isa = PBXBuildFile; fileRef = 436ECCEC2CBD7625004ED70B /* Assets.xcassets */; };
		436ECCF02CBD7625004ED70B /* Base in Resources */ = {isa = PBXBuildFile; fileRef = 436ECCEF2CBD7625004ED70B /* Base */; };
		436ECCFA2CC7E76B004ED70B /* TrackersViewController.swift in Sources */ = {isa = PBXBuildFile; fileRef = 436ECCF92CC7E76B004ED70B /* TrackersViewController.swift */; };
		4388F90A2CF09E8600EBC579 /* Constants.swift in Sources */ = {isa = PBXBuildFile; fileRef = 4388F9092CF09E8600EBC579 /* Constants.swift */; };
		4388F90C2CF09E8D00EBC579 /* Mocks.swift in Sources */ = {isa = PBXBuildFile; fileRef = 4388F90B2CF09E8D00EBC579 /* Mocks.swift */; };
		4388F90E2CF0A10500EBC579 /* CustomTableViewCell.swift in Sources */ = {isa = PBXBuildFile; fileRef = 4388F90D2CF0A10500EBC579 /* CustomTableViewCell.swift */; };
		4388F9102CF0A23E00EBC579 /* TrackerType.swift in Sources */ = {isa = PBXBuildFile; fileRef = 4388F90F2CF0A23E00EBC579 /* TrackerType.swift */; };
		4388F9122CF0A24800EBC579 /* WeekDay.swift in Sources */ = {isa = PBXBuildFile; fileRef = 4388F9112CF0A24800EBC579 /* WeekDay.swift */; };
		43A1FEE62CD4F9C900BE2123 /* TrackerCVHeader.swift in Sources */ = {isa = PBXBuildFile; fileRef = 43A1FEE52CD4F9C900BE2123 /* TrackerCVHeader.swift */; };
		43A1FEEA2CDE894400BE2123 /* GeometricParameters.swift in Sources */ = {isa = PBXBuildFile; fileRef = 43A1FEE92CDE894400BE2123 /* GeometricParameters.swift */; };
		43A1FEEC2CDF6FBD00BE2123 /* CreateHabitCollectionViewCell.swift in Sources */ = {isa = PBXBuildFile; fileRef = 43A1FEEB2CDF6FBD00BE2123 /* CreateHabitCollectionViewCell.swift */; };
		43A1FEEE2CDF703600BE2123 /* CreateHabitCVHeader.swift in Sources */ = {isa = PBXBuildFile; fileRef = 43A1FEED2CDF703600BE2123 /* CreateHabitCVHeader.swift */; };
		43A1FEF02CDF77F500BE2123 /* ColorCollectionViewCell.swift in Sources */ = {isa = PBXBuildFile; fileRef = 43A1FEEF2CDF77F500BE2123 /* ColorCollectionViewCell.swift */; };
		43A1FEF32CDFA42300BE2123 /* TrackerCoreData.xcdatamodeld in Sources */ = {isa = PBXBuildFile; fileRef = 43A1FEF12CDFA42300BE2123 /* TrackerCoreData.xcdatamodeld */; };
		43A1FEF82CDFB6A200BE2123 /* TrackerStore.swift in Sources */ = {isa = PBXBuildFile; fileRef = 43A1FEF72CDFB6A200BE2123 /* TrackerStore.swift */; };
		43A1FEFA2CDFB6AC00BE2123 /* TrackerCategoryStore.swift in Sources */ = {isa = PBXBuildFile; fileRef = 43A1FEF92CDFB6AC00BE2123 /* TrackerCategoryStore.swift */; };
		43A1FEFC2CDFB6BE00BE2123 /* TrackerRecordStore.swift in Sources */ = {isa = PBXBuildFile; fileRef = 43A1FEFB2CDFB6BE00BE2123 /* TrackerRecordStore.swift */; };
		43A1FEFF2CDFBB9500BE2123 /* WeekDayArrayTransformer.swift in Sources */ = {isa = PBXBuildFile; fileRef = 43A1FEFE2CDFBB9500BE2123 /* WeekDayArrayTransformer.swift */; };
		43A1FF012CDFBC1500BE2123 /* UIColorTransformer.swift in Sources */ = {isa = PBXBuildFile; fileRef = 43A1FF002CDFBC1500BE2123 /* UIColorTransformer.swift */; };
		43A1FF032CDFBE3A00BE2123 /* CoreDataManager.swift in Sources */ = {isa = PBXBuildFile; fileRef = 43A1FF022CDFBE3A00BE2123 /* CoreDataManager.swift */; };
		43AA4E072CD3825B007CC1C0 /* CreateHabbitViewController.swift in Sources */ = {isa = PBXBuildFile; fileRef = 43AA4E062CD3825B007CC1C0 /* CreateHabbitViewController.swift */; };
		43AA4E092CD38BA8007CC1C0 /* TrackerTypeDelegate.swift in Sources */ = {isa = PBXBuildFile; fileRef = 43AA4E082CD38BA8007CC1C0 /* TrackerTypeDelegate.swift */; };
		43AA4E0C2CD3A38C007CC1C0 /* SheduleViewController.swift in Sources */ = {isa = PBXBuildFile; fileRef = 43AA4E0B2CD3A38C007CC1C0 /* SheduleViewController.swift */; };
		43AA4E0E2CD3ABE6007CC1C0 /* SheduleDelegate.swift in Sources */ = {isa = PBXBuildFile; fileRef = 43AA4E0D2CD3ABE6007CC1C0 /* SheduleDelegate.swift */; };
		43B2090F2D01A96B00960E83 /* PlaceholderEmptyView.swift in Sources */ = {isa = PBXBuildFile; fileRef = 43B2090E2D01A96B00960E83 /* PlaceholderEmptyView.swift */; };
		43B209112D01AA0800960E83 /* StatisticService.swift in Sources */ = {isa = PBXBuildFile; fileRef = 43B209102D01AA0800960E83 /* StatisticService.swift */; };
		43B209132D01C45D00960E83 /* Notification.swift in Sources */ = {isa = PBXBuildFile; fileRef = 43B209122D01C45D00960E83 /* Notification.swift */; };
/* End PBXBuildFile section */

/* Begin PBXFileReference section */
		22CD8A29680B8B8809B20901 /* Pods_Tracker.framework */ = {isa = PBXFileReference; explicitFileType = wrapper.framework; includeInIndex = 0; path = Pods_Tracker.framework; sourceTree = BUILT_PRODUCTS_DIR; };
		3C298828E7EDCCB260FD1211 /* Pods-Tracker.release.xcconfig */ = {isa = PBXFileReference; includeInIndex = 1; lastKnownFileType = text.xcconfig; name = "Pods-Tracker.release.xcconfig"; path = "Target Support Files/Pods-Tracker/Pods-Tracker.release.xcconfig"; sourceTree = "<group>"; };
		43010B3F2CCF90DC00060277 /* StatisticsViewController.swift */ = {isa = PBXFileReference; lastKnownFileType = sourcecode.swift; path = StatisticsViewController.swift; sourceTree = "<group>"; };
		43010B472CD1141A00060277 /* TrackerModel.swift */ = {isa = PBXFileReference; lastKnownFileType = sourcecode.swift; path = TrackerModel.swift; sourceTree = "<group>"; };
		43010B492CD115DE00060277 /* TrackerCategoryModel.swift */ = {isa = PBXFileReference; lastKnownFileType = sourcecode.swift; path = TrackerCategoryModel.swift; sourceTree = "<group>"; };
		43010B4B2CD1160F00060277 /* TrackerRecordModel.swift */ = {isa = PBXFileReference; lastKnownFileType = sourcecode.swift; path = TrackerRecordModel.swift; sourceTree = "<group>"; };
		43010B4D2CD2122400060277 /* TrackersCollectionViewCell.swift */ = {isa = PBXFileReference; lastKnownFileType = sourcecode.swift; path = TrackersCollectionViewCell.swift; sourceTree = "<group>"; };
		43010B502CD21A4100060277 /* TrackerTypeViewController.swift */ = {isa = PBXFileReference; lastKnownFileType = sourcecode.swift; path = TrackerTypeViewController.swift; sourceTree = "<group>"; };
		43534C652CFDF2C500CFE18C /* OnboardingViewController.swift */ = {isa = PBXFileReference; lastKnownFileType = sourcecode.swift; path = OnboardingViewController.swift; sourceTree = "<group>"; };
		43534C672CFEF21E00CFE18C /* StateStorage.swift */ = {isa = PBXFileReference; lastKnownFileType = sourcecode.swift; path = StateStorage.swift; sourceTree = "<group>"; };
		43534C6A2CFEF4F500CFE18C /* CategoryViewContoller.swift */ = {isa = PBXFileReference; lastKnownFileType = sourcecode.swift; path = CategoryViewContoller.swift; sourceTree = "<group>"; };
		43534C6C2CFEF4FF00CFE18C /* CategoryViewModel.swift */ = {isa = PBXFileReference; lastKnownFileType = sourcecode.swift; path = CategoryViewModel.swift; sourceTree = "<group>"; };
		43534C6E2CFF0AE500CFE18C /* CategoryTableViewCell.swift */ = {isa = PBXFileReference; lastKnownFileType = sourcecode.swift; path = CategoryTableViewCell.swift; sourceTree = "<group>"; };
		43534C702CFF16C100CFE18C /* NewCategoryViewController.swift */ = {isa = PBXFileReference; lastKnownFileType = sourcecode.swift; path = NewCategoryViewController.swift; sourceTree = "<group>"; };
		43534C742CFF509700CFE18C /* CustomButton.swift */ = {isa = PBXFileReference; lastKnownFileType = sourcecode.swift; path = CustomButton.swift; sourceTree = "<group>"; };
		43534C772CFF603300CFE18C /* UIViewController+NavBar.swift */ = {isa = PBXFileReference; lastKnownFileType = sourcecode.swift; path = "UIViewController+NavBar.swift"; sourceTree = "<group>"; };
		43534C862D00AA4C00CFE18C /* UIColor.swift */ = {isa = PBXFileReference; lastKnownFileType = sourcecode.swift; path = UIColor.swift; sourceTree = "<group>"; };
		43534C892D00AA9400CFE18C /* FilterTableViewCell.swift */ = {isa = PBXFileReference; lastKnownFileType = sourcecode.swift; path = FilterTableViewCell.swift; sourceTree = "<group>"; };
		43534C8B2D00AAA700CFE18C /* FilterViewController.swift */ = {isa = PBXFileReference; lastKnownFileType = sourcecode.swift; path = FilterViewController.swift; sourceTree = "<group>"; };
		43534C8D2D00AB0100CFE18C /* FilterOptions.swift */ = {isa = PBXFileReference; lastKnownFileType = sourcecode.swift; path = FilterOptions.swift; sourceTree = "<group>"; };
		43534C8F2D018EE900CFE18C /* UITableVIew+Cell.swift */ = {isa = PBXFileReference; lastKnownFileType = sourcecode.swift; path = "UITableVIew+Cell.swift"; sourceTree = "<group>"; };
		43534C962D0199C300CFE18C /* ru */ = {isa = PBXFileReference; lastKnownFileType = text.plist.strings; name = ru; path = ru.lproj/LaunchScreen.strings; sourceTree = "<group>"; };
		43534C982D019A4800CFE18C /* ru */ = {isa = PBXFileReference; lastKnownFileType = text.plist.strings; name = ru; path = ru.lproj/Localizable.strings; sourceTree = "<group>"; };
		43534C9B2D019A5200CFE18C /* ru */ = {isa = PBXFileReference; lastKnownFileType = text.plist.stringsdict; name = ru; path = ru.lproj/Localizable.stringsdict; sourceTree = "<group>"; };
		43534C9D2D019A7D00CFE18C /* en */ = {isa = PBXFileReference; lastKnownFileType = text.plist.strings; name = en; path = en.lproj/LaunchScreen.strings; sourceTree = "<group>"; };
		43534C9E2D019A7D00CFE18C /* en */ = {isa = PBXFileReference; lastKnownFileType = text.plist.strings; name = en; path = en.lproj/Localizable.strings; sourceTree = "<group>"; };
		43534C9F2D019A7D00CFE18C /* en */ = {isa = PBXFileReference; lastKnownFileType = text.plist.stringsdict; name = en; path = en.lproj/Localizable.stringsdict; sourceTree = "<group>"; };
		436ECCE02CBD7625004ED70B /* Tracker.app */ = {isa = PBXFileReference; explicitFileType = wrapper.application; includeInIndex = 0; path = Tracker.app; sourceTree = BUILT_PRODUCTS_DIR; };
		436ECCE32CBD7625004ED70B /* AppDelegate.swift */ = {isa = PBXFileReference; lastKnownFileType = sourcecode.swift; path = AppDelegate.swift; sourceTree = "<group>"; };
		436ECCE52CBD7625004ED70B /* SceneDelegate.swift */ = {isa = PBXFileReference; lastKnownFileType = sourcecode.swift; path = SceneDelegate.swift; sourceTree = "<group>"; };
		436ECCE72CBD7625004ED70B /* ViewController.swift */ = {isa = PBXFileReference; lastKnownFileType = sourcecode.swift; path = ViewController.swift; sourceTree = "<group>"; };
		436ECCEC2CBD7625004ED70B /* Assets.xcassets */ = {isa = PBXFileReference; lastKnownFileType = folder.assetcatalog; path = Assets.xcassets; sourceTree = "<group>"; };
		436ECCEF2CBD7625004ED70B /* Base */ = {isa = PBXFileReference; lastKnownFileType = file.storyboard; name = Base; path = Base.lproj/LaunchScreen.storyboard; sourceTree = "<group>"; };
		436ECCF12CBD7625004ED70B /* Info.plist */ = {isa = PBXFileReference; lastKnownFileType = text.plist.xml; path = Info.plist; sourceTree = "<group>"; };
		436ECCF92CC7E76B004ED70B /* TrackersViewController.swift */ = {isa = PBXFileReference; lastKnownFileType = sourcecode.swift; path = TrackersViewController.swift; sourceTree = "<group>"; };
		4388F9092CF09E8600EBC579 /* Constants.swift */ = {isa = PBXFileReference; lastKnownFileType = sourcecode.swift; path = Constants.swift; sourceTree = "<group>"; };
		4388F90B2CF09E8D00EBC579 /* Mocks.swift */ = {isa = PBXFileReference; lastKnownFileType = sourcecode.swift; path = Mocks.swift; sourceTree = "<group>"; };
		4388F90D2CF0A10500EBC579 /* CustomTableViewCell.swift */ = {isa = PBXFileReference; lastKnownFileType = sourcecode.swift; path = CustomTableViewCell.swift; sourceTree = "<group>"; };
		4388F90F2CF0A23E00EBC579 /* TrackerType.swift */ = {isa = PBXFileReference; lastKnownFileType = sourcecode.swift; path = TrackerType.swift; sourceTree = "<group>"; };
		4388F9112CF0A24800EBC579 /* WeekDay.swift */ = {isa = PBXFileReference; lastKnownFileType = sourcecode.swift; path = WeekDay.swift; sourceTree = "<group>"; };
		43A1FEE52CD4F9C900BE2123 /* TrackerCVHeader.swift */ = {isa = PBXFileReference; lastKnownFileType = sourcecode.swift; path = TrackerCVHeader.swift; sourceTree = "<group>"; };
		43A1FEE92CDE894400BE2123 /* GeometricParameters.swift */ = {isa = PBXFileReference; lastKnownFileType = sourcecode.swift; path = GeometricParameters.swift; sourceTree = "<group>"; };
		43A1FEEB2CDF6FBD00BE2123 /* CreateHabitCollectionViewCell.swift */ = {isa = PBXFileReference; lastKnownFileType = sourcecode.swift; path = CreateHabitCollectionViewCell.swift; sourceTree = "<group>"; };
		43A1FEED2CDF703600BE2123 /* CreateHabitCVHeader.swift */ = {isa = PBXFileReference; lastKnownFileType = sourcecode.swift; path = CreateHabitCVHeader.swift; sourceTree = "<group>"; };
		43A1FEEF2CDF77F500BE2123 /* ColorCollectionViewCell.swift */ = {isa = PBXFileReference; lastKnownFileType = sourcecode.swift; path = ColorCollectionViewCell.swift; sourceTree = "<group>"; };
		43A1FEF22CDFA42300BE2123 /* TrackerCoreData.xcdatamodel */ = {isa = PBXFileReference; lastKnownFileType = wrapper.xcdatamodel; path = TrackerCoreData.xcdatamodel; sourceTree = "<group>"; };
		43A1FEF72CDFB6A200BE2123 /* TrackerStore.swift */ = {isa = PBXFileReference; lastKnownFileType = sourcecode.swift; path = TrackerStore.swift; sourceTree = "<group>"; };
		43A1FEF92CDFB6AC00BE2123 /* TrackerCategoryStore.swift */ = {isa = PBXFileReference; lastKnownFileType = sourcecode.swift; path = TrackerCategoryStore.swift; sourceTree = "<group>"; };
		43A1FEFB2CDFB6BE00BE2123 /* TrackerRecordStore.swift */ = {isa = PBXFileReference; lastKnownFileType = sourcecode.swift; path = TrackerRecordStore.swift; sourceTree = "<group>"; };
		43A1FEFE2CDFBB9500BE2123 /* WeekDayArrayTransformer.swift */ = {isa = PBXFileReference; lastKnownFileType = sourcecode.swift; path = WeekDayArrayTransformer.swift; sourceTree = "<group>"; };
		43A1FF002CDFBC1500BE2123 /* UIColorTransformer.swift */ = {isa = PBXFileReference; lastKnownFileType = sourcecode.swift; path = UIColorTransformer.swift; sourceTree = "<group>"; };
		43A1FF022CDFBE3A00BE2123 /* CoreDataManager.swift */ = {isa = PBXFileReference; lastKnownFileType = sourcecode.swift; path = CoreDataManager.swift; sourceTree = "<group>"; };
		43AA4E062CD3825B007CC1C0 /* CreateHabbitViewController.swift */ = {isa = PBXFileReference; lastKnownFileType = sourcecode.swift; path = CreateHabbitViewController.swift; sourceTree = "<group>"; };
		43AA4E082CD38BA8007CC1C0 /* TrackerTypeDelegate.swift */ = {isa = PBXFileReference; lastKnownFileType = sourcecode.swift; path = TrackerTypeDelegate.swift; sourceTree = "<group>"; };
		43AA4E0B2CD3A38C007CC1C0 /* SheduleViewController.swift */ = {isa = PBXFileReference; lastKnownFileType = sourcecode.swift; path = SheduleViewController.swift; sourceTree = "<group>"; };
		43AA4E0D2CD3ABE6007CC1C0 /* SheduleDelegate.swift */ = {isa = PBXFileReference; lastKnownFileType = sourcecode.swift; path = SheduleDelegate.swift; sourceTree = "<group>"; };
		43B2090E2D01A96B00960E83 /* PlaceholderEmptyView.swift */ = {isa = PBXFileReference; lastKnownFileType = sourcecode.swift; path = PlaceholderEmptyView.swift; sourceTree = "<group>"; };
		43B209102D01AA0800960E83 /* StatisticService.swift */ = {isa = PBXFileReference; lastKnownFileType = sourcecode.swift; path = StatisticService.swift; sourceTree = "<group>"; };
		43B209122D01C45D00960E83 /* Notification.swift */ = {isa = PBXFileReference; lastKnownFileType = sourcecode.swift; path = Notification.swift; sourceTree = "<group>"; };
		FDAB6131425589840730E836 /* Pods-Tracker.debug.xcconfig */ = {isa = PBXFileReference; includeInIndex = 1; lastKnownFileType = text.xcconfig; name = "Pods-Tracker.debug.xcconfig"; path = "Target Support Files/Pods-Tracker/Pods-Tracker.debug.xcconfig"; sourceTree = "<group>"; };
/* End PBXFileReference section */

/* Begin PBXFrameworksBuildPhase section */
		436ECCDD2CBD7625004ED70B /* Frameworks */ = {
			isa = PBXFrameworksBuildPhase;
			buildActionMask = 2147483647;
			files = (
				1019DA5D90E0B157FA8B4A7E /* Pods_Tracker.framework in Frameworks */,
			);
			runOnlyForDeploymentPostprocessing = 0;
		};
/* End PBXFrameworksBuildPhase section */

/* Begin PBXGroup section */
		43010B462CD1140C00060277 /* Models */ = {
			isa = PBXGroup;
			children = (
				43010B472CD1141A00060277 /* TrackerModel.swift */,
				43010B492CD115DE00060277 /* TrackerCategoryModel.swift */,
				43010B4B2CD1160F00060277 /* TrackerRecordModel.swift */,
				43A1FEE92CDE894400BE2123 /* GeometricParameters.swift */,
				4388F90F2CF0A23E00EBC579 /* TrackerType.swift */,
				4388F9112CF0A24800EBC579 /* WeekDay.swift */,
			);
			path = Models;
			sourceTree = "<group>";
		};
		43534C692CFEF41700CFE18C /* Categories */ = {
			isa = PBXGroup;
			children = (
				43534C6A2CFEF4F500CFE18C /* CategoryViewContoller.swift */,
				43534C6C2CFEF4FF00CFE18C /* CategoryViewModel.swift */,
				43534C6E2CFF0AE500CFE18C /* CategoryTableViewCell.swift */,
				43534C702CFF16C100CFE18C /* NewCategoryViewController.swift */,
			);
			path = Categories;
			sourceTree = "<group>";
		};
		43534C732CFF508100CFE18C /* Custom Components */ = {
			isa = PBXGroup;
			children = (
				43534C742CFF509700CFE18C /* CustomButton.swift */,
			);
			path = "Custom Components";
			sourceTree = "<group>";
		};
		43534C762CFF601900CFE18C /* Extensions */ = {
			isa = PBXGroup;
			children = (
				43534C772CFF603300CFE18C /* UIViewController+NavBar.swift */,
				43534C862D00AA4C00CFE18C /* UIColor.swift */,
				43534C8F2D018EE900CFE18C /* UITableVIew+Cell.swift */,
				43B209122D01C45D00960E83 /* Notification.swift */,
			);
			path = Extensions;
			sourceTree = "<group>";
		};
		43534C792D0044B700CFE18C /* Resources */ = {
			isa = PBXGroup;
			children = (
				43534C972D019A4800CFE18C /* Localizable.strings */,
				43534C9A2D019A5200CFE18C /* Localizable.stringsdict */,
			);
			path = Resources;
			sourceTree = "<group>";
		};
		43534C882D00AA6200CFE18C /* Filters */ = {
			isa = PBXGroup;
			children = (
				43534C892D00AA9400CFE18C /* FilterTableViewCell.swift */,
				43534C8B2D00AAA700CFE18C /* FilterViewController.swift */,
				43534C8D2D00AB0100CFE18C /* FilterOptions.swift */,
			);
			path = Filters;
			sourceTree = "<group>";
		};
		436ECCD72CBD7624004ED70B = {
			isa = PBXGroup;
			children = (
				436ECCE22CBD7625004ED70B /* Tracker */,
				436ECCE12CBD7625004ED70B /* Products */,
				FE57ED565F220FFAFE46D3A0 /* Pods */,
				D1E5990A0DA2FC36F6CB05EB /* Frameworks */,
			);
			sourceTree = "<group>";
		};
		436ECCE12CBD7625004ED70B /* Products */ = {
			isa = PBXGroup;
			children = (
				436ECCE02CBD7625004ED70B /* Tracker.app */,
			);
			name = Products;
			sourceTree = "<group>";
		};
		436ECCE22CBD7625004ED70B /* Tracker */ = {
			isa = PBXGroup;
			children = (
				43B2090D2D01A95500960E83 /* PlaceholdersViews */,
				43534C882D00AA6200CFE18C /* Filters */,
				43534C792D0044B700CFE18C /* Resources */,
				43534C762CFF601900CFE18C /* Extensions */,
				43534C732CFF508100CFE18C /* Custom Components */,
				43534C692CFEF41700CFE18C /* Categories */,
				4388F9082CF09E7800EBC579 /* Constants */,
				43A1FEFD2CDFBB5800BE2123 /* Core Data */,
				43AA4E0A2CD3A35F007CC1C0 /* CreateHabbitViewController */,
				43010B462CD1140C00060277 /* Models */,
				436ECCF82CC7E741004ED70B /* StatisticsViewController */,
				436ECCF72CC7E72F004ED70B /* TrackersViewController */,
				436ECCE32CBD7625004ED70B /* AppDelegate.swift */,
				436ECCE52CBD7625004ED70B /* SceneDelegate.swift */,
				436ECCE72CBD7625004ED70B /* ViewController.swift */,
				436ECCEC2CBD7625004ED70B /* Assets.xcassets */,
				436ECCEE2CBD7625004ED70B /* LaunchScreen.storyboard */,
				436ECCF12CBD7625004ED70B /* Info.plist */,
				43534C652CFDF2C500CFE18C /* OnboardingViewController.swift */,
			);
			path = Tracker;
			sourceTree = "<group>";
		};
		436ECCF72CC7E72F004ED70B /* TrackersViewController */ = {
			isa = PBXGroup;
			children = (
				436ECCF92CC7E76B004ED70B /* TrackersViewController.swift */,
				43010B4D2CD2122400060277 /* TrackersCollectionViewCell.swift */,
				43010B502CD21A4100060277 /* TrackerTypeViewController.swift */,
				43AA4E082CD38BA8007CC1C0 /* TrackerTypeDelegate.swift */,
				43A1FEE52CD4F9C900BE2123 /* TrackerCVHeader.swift */,
			);
			path = TrackersViewController;
			sourceTree = "<group>";
		};
		436ECCF82CC7E741004ED70B /* StatisticsViewController */ = {
			isa = PBXGroup;
			children = (
				43010B3F2CCF90DC00060277 /* StatisticsViewController.swift */,
				43B209102D01AA0800960E83 /* StatisticService.swift */,
			);
			path = StatisticsViewController;
			sourceTree = "<group>";
		};
		4388F9082CF09E7800EBC579 /* Constants */ = {
			isa = PBXGroup;
			children = (
				4388F9092CF09E8600EBC579 /* Constants.swift */,
				4388F90B2CF09E8D00EBC579 /* Mocks.swift */,
				43534C672CFEF21E00CFE18C /* StateStorage.swift */,
			);
			path = Constants;
			sourceTree = "<group>";
		};
		43A1FEFD2CDFBB5800BE2123 /* Core Data */ = {
			isa = PBXGroup;
			children = (
				43A1FEF12CDFA42300BE2123 /* TrackerCoreData.xcdatamodeld */,
				43A1FEF72CDFB6A200BE2123 /* TrackerStore.swift */,
				43A1FEF92CDFB6AC00BE2123 /* TrackerCategoryStore.swift */,
				43A1FEFB2CDFB6BE00BE2123 /* TrackerRecordStore.swift */,
				43A1FEFE2CDFBB9500BE2123 /* WeekDayArrayTransformer.swift */,
				43A1FF002CDFBC1500BE2123 /* UIColorTransformer.swift */,
				43A1FF022CDFBE3A00BE2123 /* CoreDataManager.swift */,
			);
			path = "Core Data";
			sourceTree = "<group>";
		};
		43AA4E0A2CD3A35F007CC1C0 /* CreateHabbitViewController */ = {
			isa = PBXGroup;
			children = (
				43AA4E062CD3825B007CC1C0 /* CreateHabbitViewController.swift */,
				43AA4E0B2CD3A38C007CC1C0 /* SheduleViewController.swift */,
				43AA4E0D2CD3ABE6007CC1C0 /* SheduleDelegate.swift */,
				43A1FEEB2CDF6FBD00BE2123 /* CreateHabitCollectionViewCell.swift */,
				43A1FEED2CDF703600BE2123 /* CreateHabitCVHeader.swift */,
				43A1FEEF2CDF77F500BE2123 /* ColorCollectionViewCell.swift */,
				4388F90D2CF0A10500EBC579 /* CustomTableViewCell.swift */,
			);
			path = CreateHabbitViewController;
			sourceTree = "<group>";
		};
		43B2090D2D01A95500960E83 /* PlaceholdersViews */ = {
			isa = PBXGroup;
			children = (
				43B2090E2D01A96B00960E83 /* PlaceholderEmptyView.swift */,
			);
			path = PlaceholdersViews;
			sourceTree = "<group>";
		};
		D1E5990A0DA2FC36F6CB05EB /* Frameworks */ = {
			isa = PBXGroup;
			children = (
				22CD8A29680B8B8809B20901 /* Pods_Tracker.framework */,
			);
			name = Frameworks;
			sourceTree = "<group>";
		};
		FE57ED565F220FFAFE46D3A0 /* Pods */ = {
			isa = PBXGroup;
			children = (
				FDAB6131425589840730E836 /* Pods-Tracker.debug.xcconfig */,
				3C298828E7EDCCB260FD1211 /* Pods-Tracker.release.xcconfig */,
			);
			name = Pods;
			path = Pods;
			sourceTree = "<group>";
		};
/* End PBXGroup section */

/* Begin PBXNativeTarget section */
		436ECCDF2CBD7625004ED70B /* Tracker */ = {
			isa = PBXNativeTarget;
			buildConfigurationList = 436ECCF42CBD7625004ED70B /* Build configuration list for PBXNativeTarget "Tracker" */;
			buildPhases = (
				DA9DB3DDD614B9BB51BB7559 /* [CP] Check Pods Manifest.lock */,
				436ECCDC2CBD7625004ED70B /* Sources */,
				436ECCDD2CBD7625004ED70B /* Frameworks */,
				436ECCDE2CBD7625004ED70B /* Resources */,
				D71FDF15493BADC515581A85 /* [CP] Embed Pods Frameworks */,
			);
			buildRules = (
			);
			dependencies = (
			);
			name = Tracker;
			productName = Tracker;
			productReference = 436ECCE02CBD7625004ED70B /* Tracker.app */;
			productType = "com.apple.product-type.application";
		};
/* End PBXNativeTarget section */

/* Begin PBXProject section */
		436ECCD82CBD7624004ED70B /* Project object */ = {
			isa = PBXProject;
			attributes = {
				BuildIndependentTargetsInParallel = NO;
				LastSwiftUpdateCheck = 1540;
				LastUpgradeCheck = 1540;
				TargetAttributes = {
					436ECCDF2CBD7625004ED70B = {
						CreatedOnToolsVersion = 15.4;
					};
				};
			};
			buildConfigurationList = 436ECCDB2CBD7624004ED70B /* Build configuration list for PBXProject "Tracker" */;
			compatibilityVersion = "Xcode 14.0";
			developmentRegion = ru;
			hasScannedForEncodings = 0;
			knownRegions = (
				Base,
				ru,
				en,
			);
			mainGroup = 436ECCD72CBD7624004ED70B;
			productRefGroup = 436ECCE12CBD7625004ED70B /* Products */;
			projectDirPath = "";
			projectRoot = "";
			targets = (
				436ECCDF2CBD7625004ED70B /* Tracker */,
			);
		};
/* End PBXProject section */

/* Begin PBXResourcesBuildPhase section */
		436ECCDE2CBD7625004ED70B /* Resources */ = {
			isa = PBXResourcesBuildPhase;
			buildActionMask = 2147483647;
			files = (
				436ECCED2CBD7625004ED70B /* Assets.xcassets in Resources */,
				43534C9C2D019A5200CFE18C /* Localizable.stringsdict in Resources */,
				43534C992D019A4800CFE18C /* Localizable.strings in Resources */,
				436ECCF02CBD7625004ED70B /* Base in Resources */,
			);
			runOnlyForDeploymentPostprocessing = 0;
		};
/* End PBXResourcesBuildPhase section */

/* Begin PBXShellScriptBuildPhase section */
		D71FDF15493BADC515581A85 /* [CP] Embed Pods Frameworks */ = {
			isa = PBXShellScriptBuildPhase;
			buildActionMask = 2147483647;
			files = (
			);
			inputFileListPaths = (
				"${PODS_ROOT}/Target Support Files/Pods-Tracker/Pods-Tracker-frameworks-${CONFIGURATION}-input-files.xcfilelist",
			);
			name = "[CP] Embed Pods Frameworks";
			outputFileListPaths = (
				"${PODS_ROOT}/Target Support Files/Pods-Tracker/Pods-Tracker-frameworks-${CONFIGURATION}-output-files.xcfilelist",
			);
			runOnlyForDeploymentPostprocessing = 0;
			shellPath = /bin/sh;
			shellScript = "\"${PODS_ROOT}/Target Support Files/Pods-Tracker/Pods-Tracker-frameworks.sh\"\n";
			showEnvVarsInLog = 0;
		};
		DA9DB3DDD614B9BB51BB7559 /* [CP] Check Pods Manifest.lock */ = {
			isa = PBXShellScriptBuildPhase;
			buildActionMask = 2147483647;
			files = (
			);
			inputFileListPaths = (
			);
			inputPaths = (
				"${PODS_PODFILE_DIR_PATH}/Podfile.lock",
				"${PODS_ROOT}/Manifest.lock",
			);
			name = "[CP] Check Pods Manifest.lock";
			outputFileListPaths = (
			);
			outputPaths = (
				"$(DERIVED_FILE_DIR)/Pods-Tracker-checkManifestLockResult.txt",
			);
			runOnlyForDeploymentPostprocessing = 0;
			shellPath = /bin/sh;
			shellScript = "diff \"${PODS_PODFILE_DIR_PATH}/Podfile.lock\" \"${PODS_ROOT}/Manifest.lock\" > /dev/null\nif [ $? != 0 ] ; then\n    # print error to STDERR\n    echo \"error: The sandbox is not in sync with the Podfile.lock. Run 'pod install' or update your CocoaPods installation.\" >&2\n    exit 1\nfi\n# This output is used by Xcode 'outputs' to avoid re-running this script phase.\necho \"SUCCESS\" > \"${SCRIPT_OUTPUT_FILE_0}\"\n";
			showEnvVarsInLog = 0;
		};
/* End PBXShellScriptBuildPhase section */

/* Begin PBXSourcesBuildPhase section */
		436ECCDC2CBD7625004ED70B /* Sources */ = {
			isa = PBXSourcesBuildPhase;
			buildActionMask = 2147483647;
			files = (
				43534C8C2D00AAA700CFE18C /* FilterViewController.swift in Sources */,
				43534C782CFF603300CFE18C /* UIViewController+NavBar.swift in Sources */,
				43010B4A2CD115DE00060277 /* TrackerCategoryModel.swift in Sources */,
				43A1FEEA2CDE894400BE2123 /* GeometricParameters.swift in Sources */,
				43010B512CD21A4100060277 /* TrackerTypeViewController.swift in Sources */,
				43B209132D01C45D00960E83 /* Notification.swift in Sources */,
				43A1FEFF2CDFBB9500BE2123 /* WeekDayArrayTransformer.swift in Sources */,
				43A1FEF32CDFA42300BE2123 /* TrackerCoreData.xcdatamodeld in Sources */,
				43A1FEEC2CDF6FBD00BE2123 /* CreateHabitCollectionViewCell.swift in Sources */,
				4388F90E2CF0A10500EBC579 /* CustomTableViewCell.swift in Sources */,
				43534C902D018EE900CFE18C /* UITableVIew+Cell.swift in Sources */,
				43534C6D2CFEF4FF00CFE18C /* CategoryViewModel.swift in Sources */,
				43A1FF032CDFBE3A00BE2123 /* CoreDataManager.swift in Sources */,
				43B209112D01AA0800960E83 /* StatisticService.swift in Sources */,
				43AA4E0E2CD3ABE6007CC1C0 /* SheduleDelegate.swift in Sources */,
				43A1FEF82CDFB6A200BE2123 /* TrackerStore.swift in Sources */,
				436ECCE82CBD7625004ED70B /* ViewController.swift in Sources */,
				43A1FF012CDFBC1500BE2123 /* UIColorTransformer.swift in Sources */,
				4388F90A2CF09E8600EBC579 /* Constants.swift in Sources */,
				4388F9102CF0A23E00EBC579 /* TrackerType.swift in Sources */,
				436ECCFA2CC7E76B004ED70B /* TrackersViewController.swift in Sources */,
				436ECCE42CBD7625004ED70B /* AppDelegate.swift in Sources */,
				43534C8E2D00AB0100CFE18C /* FilterOptions.swift in Sources */,
				43010B4C2CD1160F00060277 /* TrackerRecordModel.swift in Sources */,
				43010B402CCF90DC00060277 /* StatisticsViewController.swift in Sources */,
				4388F9122CF0A24800EBC579 /* WeekDay.swift in Sources */,
				43534C752CFF509700CFE18C /* CustomButton.swift in Sources */,
				43A1FEF02CDF77F500BE2123 /* ColorCollectionViewCell.swift in Sources */,
				43AA4E092CD38BA8007CC1C0 /* TrackerTypeDelegate.swift in Sources */,
				43534C6B2CFEF4F500CFE18C /* CategoryViewContoller.swift in Sources */,
				43A1FEFA2CDFB6AC00BE2123 /* TrackerCategoryStore.swift in Sources */,
				43AA4E0C2CD3A38C007CC1C0 /* SheduleViewController.swift in Sources */,
				43534C712CFF16C100CFE18C /* NewCategoryViewController.swift in Sources */,
				43AA4E072CD3825B007CC1C0 /* CreateHabbitViewController.swift in Sources */,
				43534C872D00AA4C00CFE18C /* UIColor.swift in Sources */,
				43A1FEEE2CDF703600BE2123 /* CreateHabitCVHeader.swift in Sources */,
				43534C8A2D00AA9400CFE18C /* FilterTableViewCell.swift in Sources */,
				43A1FEFC2CDFB6BE00BE2123 /* TrackerRecordStore.swift in Sources */,
				436ECCE62CBD7625004ED70B /* SceneDelegate.swift in Sources */,
				43B2090F2D01A96B00960E83 /* PlaceholderEmptyView.swift in Sources */,
				43534C682CFEF21E00CFE18C /* StateStorage.swift in Sources */,
				43534C662CFDF2C500CFE18C /* OnboardingViewController.swift in Sources */,
				43010B4E2CD2122400060277 /* TrackersCollectionViewCell.swift in Sources */,
				43A1FEE62CD4F9C900BE2123 /* TrackerCVHeader.swift in Sources */,
				43010B482CD1141A00060277 /* TrackerModel.swift in Sources */,
				4388F90C2CF09E8D00EBC579 /* Mocks.swift in Sources */,
				43534C6F2CFF0AE500CFE18C /* CategoryTableViewCell.swift in Sources */,
			);
			runOnlyForDeploymentPostprocessing = 0;
		};
/* End PBXSourcesBuildPhase section */

/* Begin PBXVariantGroup section */
		43534C972D019A4800CFE18C /* Localizable.strings */ = {
			isa = PBXVariantGroup;
			children = (
				43534C982D019A4800CFE18C /* ru */,
				43534C9E2D019A7D00CFE18C /* en */,
			);
			name = Localizable.strings;
			sourceTree = "<group>";
		};
		43534C9A2D019A5200CFE18C /* Localizable.stringsdict */ = {
			isa = PBXVariantGroup;
			children = (
				43534C9B2D019A5200CFE18C /* ru */,
				43534C9F2D019A7D00CFE18C /* en */,
			);
			name = Localizable.stringsdict;
			sourceTree = "<group>";
		};
		436ECCEE2CBD7625004ED70B /* LaunchScreen.storyboard */ = {
			isa = PBXVariantGroup;
			children = (
				436ECCEF2CBD7625004ED70B /* Base */,
				43534C962D0199C300CFE18C /* ru */,
				43534C9D2D019A7D00CFE18C /* en */,
			);
			name = LaunchScreen.storyboard;
			sourceTree = "<group>";
		};
/* End PBXVariantGroup section */

/* Begin XCBuildConfiguration section */
		436ECCF22CBD7625004ED70B /* Debug */ = {
			isa = XCBuildConfiguration;
			buildSettings = {
				ALWAYS_SEARCH_USER_PATHS = NO;
				ASSETCATALOG_COMPILER_GENERATE_SWIFT_ASSET_SYMBOL_EXTENSIONS = YES;
				CLANG_ANALYZER_LOCALIZABILITY_NONLOCALIZED = YES;
				CLANG_ANALYZER_NONNULL = YES;
				CLANG_ANALYZER_NUMBER_OBJECT_CONVERSION = YES_AGGRESSIVE;
				CLANG_CXX_LANGUAGE_STANDARD = "gnu++20";
				CLANG_ENABLE_MODULES = YES;
				CLANG_ENABLE_OBJC_ARC = YES;
				CLANG_ENABLE_OBJC_WEAK = YES;
				CLANG_WARN_BLOCK_CAPTURE_AUTORELEASING = YES;
				CLANG_WARN_BOOL_CONVERSION = YES;
				CLANG_WARN_COMMA = YES;
				CLANG_WARN_CONSTANT_CONVERSION = YES;
				CLANG_WARN_DEPRECATED_OBJC_IMPLEMENTATIONS = YES;
				CLANG_WARN_DIRECT_OBJC_ISA_USAGE = YES_ERROR;
				CLANG_WARN_DOCUMENTATION_COMMENTS = YES;
				CLANG_WARN_EMPTY_BODY = YES;
				CLANG_WARN_ENUM_CONVERSION = YES;
				CLANG_WARN_INFINITE_RECURSION = YES;
				CLANG_WARN_INT_CONVERSION = YES;
				CLANG_WARN_NON_LITERAL_NULL_CONVERSION = YES;
				CLANG_WARN_OBJC_IMPLICIT_RETAIN_SELF = YES;
				CLANG_WARN_OBJC_LITERAL_CONVERSION = YES;
				CLANG_WARN_OBJC_ROOT_CLASS = YES_ERROR;
				CLANG_WARN_QUOTED_INCLUDE_IN_FRAMEWORK_HEADER = YES;
				CLANG_WARN_RANGE_LOOP_ANALYSIS = YES;
				CLANG_WARN_STRICT_PROTOTYPES = YES;
				CLANG_WARN_SUSPICIOUS_MOVE = YES;
				CLANG_WARN_UNGUARDED_AVAILABILITY = YES_AGGRESSIVE;
				CLANG_WARN_UNREACHABLE_CODE = YES;
				CLANG_WARN__DUPLICATE_METHOD_MATCH = YES;
				COPY_PHASE_STRIP = NO;
				DEBUG_INFORMATION_FORMAT = dwarf;
				ENABLE_STRICT_OBJC_MSGSEND = YES;
				ENABLE_TESTABILITY = YES;
				ENABLE_USER_SCRIPT_SANDBOXING = YES;
				GCC_C_LANGUAGE_STANDARD = gnu17;
				GCC_DYNAMIC_NO_PIC = NO;
				GCC_NO_COMMON_BLOCKS = YES;
				GCC_OPTIMIZATION_LEVEL = 0;
				GCC_PREPROCESSOR_DEFINITIONS = (
					"DEBUG=1",
					"$(inherited)",
				);
				GCC_WARN_64_TO_32_BIT_CONVERSION = YES;
				GCC_WARN_ABOUT_RETURN_TYPE = YES_ERROR;
				GCC_WARN_UNDECLARED_SELECTOR = YES;
				GCC_WARN_UNINITIALIZED_AUTOS = YES_AGGRESSIVE;
				GCC_WARN_UNUSED_FUNCTION = YES;
				GCC_WARN_UNUSED_VARIABLE = YES;
				IPHONEOS_DEPLOYMENT_TARGET = 17.5;
				LOCALIZATION_PREFERS_STRING_CATALOGS = YES;
				MTL_ENABLE_DEBUG_INFO = INCLUDE_SOURCE;
				MTL_FAST_MATH = YES;
				ONLY_ACTIVE_ARCH = YES;
				SDKROOT = iphoneos;
				SWIFT_ACTIVE_COMPILATION_CONDITIONS = "DEBUG $(inherited)";
				SWIFT_OPTIMIZATION_LEVEL = "-Onone";
			};
			name = Debug;
		};
		436ECCF32CBD7625004ED70B /* Release */ = {
			isa = XCBuildConfiguration;
			buildSettings = {
				ALWAYS_SEARCH_USER_PATHS = NO;
				ASSETCATALOG_COMPILER_GENERATE_SWIFT_ASSET_SYMBOL_EXTENSIONS = YES;
				CLANG_ANALYZER_LOCALIZABILITY_NONLOCALIZED = YES;
				CLANG_ANALYZER_NONNULL = YES;
				CLANG_ANALYZER_NUMBER_OBJECT_CONVERSION = YES_AGGRESSIVE;
				CLANG_CXX_LANGUAGE_STANDARD = "gnu++20";
				CLANG_ENABLE_MODULES = YES;
				CLANG_ENABLE_OBJC_ARC = YES;
				CLANG_ENABLE_OBJC_WEAK = YES;
				CLANG_WARN_BLOCK_CAPTURE_AUTORELEASING = YES;
				CLANG_WARN_BOOL_CONVERSION = YES;
				CLANG_WARN_COMMA = YES;
				CLANG_WARN_CONSTANT_CONVERSION = YES;
				CLANG_WARN_DEPRECATED_OBJC_IMPLEMENTATIONS = YES;
				CLANG_WARN_DIRECT_OBJC_ISA_USAGE = YES_ERROR;
				CLANG_WARN_DOCUMENTATION_COMMENTS = YES;
				CLANG_WARN_EMPTY_BODY = YES;
				CLANG_WARN_ENUM_CONVERSION = YES;
				CLANG_WARN_INFINITE_RECURSION = YES;
				CLANG_WARN_INT_CONVERSION = YES;
				CLANG_WARN_NON_LITERAL_NULL_CONVERSION = YES;
				CLANG_WARN_OBJC_IMPLICIT_RETAIN_SELF = YES;
				CLANG_WARN_OBJC_LITERAL_CONVERSION = YES;
				CLANG_WARN_OBJC_ROOT_CLASS = YES_ERROR;
				CLANG_WARN_QUOTED_INCLUDE_IN_FRAMEWORK_HEADER = YES;
				CLANG_WARN_RANGE_LOOP_ANALYSIS = YES;
				CLANG_WARN_STRICT_PROTOTYPES = YES;
				CLANG_WARN_SUSPICIOUS_MOVE = YES;
				CLANG_WARN_UNGUARDED_AVAILABILITY = YES_AGGRESSIVE;
				CLANG_WARN_UNREACHABLE_CODE = YES;
				CLANG_WARN__DUPLICATE_METHOD_MATCH = YES;
				COPY_PHASE_STRIP = NO;
				DEBUG_INFORMATION_FORMAT = "dwarf-with-dsym";
				ENABLE_NS_ASSERTIONS = NO;
				ENABLE_STRICT_OBJC_MSGSEND = YES;
				ENABLE_USER_SCRIPT_SANDBOXING = YES;
				GCC_C_LANGUAGE_STANDARD = gnu17;
				GCC_NO_COMMON_BLOCKS = YES;
				GCC_WARN_64_TO_32_BIT_CONVERSION = YES;
				GCC_WARN_ABOUT_RETURN_TYPE = YES_ERROR;
				GCC_WARN_UNDECLARED_SELECTOR = YES;
				GCC_WARN_UNINITIALIZED_AUTOS = YES_AGGRESSIVE;
				GCC_WARN_UNUSED_FUNCTION = YES;
				GCC_WARN_UNUSED_VARIABLE = YES;
				IPHONEOS_DEPLOYMENT_TARGET = 17.5;
				LOCALIZATION_PREFERS_STRING_CATALOGS = YES;
				MTL_ENABLE_DEBUG_INFO = NO;
				MTL_FAST_MATH = YES;
				SDKROOT = iphoneos;
				SWIFT_COMPILATION_MODE = wholemodule;
				VALIDATE_PRODUCT = YES;
			};
			name = Release;
		};
		436ECCF52CBD7625004ED70B /* Debug */ = {
			isa = XCBuildConfiguration;
			baseConfigurationReference = FDAB6131425589840730E836 /* Pods-Tracker.debug.xcconfig */;
			buildSettings = {
				ASSETCATALOG_COMPILER_APPICON_NAME = AppIcon;
				ASSETCATALOG_COMPILER_GLOBAL_ACCENT_COLOR_NAME = AccentColor;
				CODE_SIGN_STYLE = Automatic;
				CURRENT_PROJECT_VERSION = 1;
				DEVELOPMENT_TEAM = V6DMK3YX7D;
				GENERATE_INFOPLIST_FILE = YES;
				INFOPLIST_FILE = Tracker/Info.plist;
				INFOPLIST_KEY_UIApplicationSupportsIndirectInputEvents = YES;
				INFOPLIST_KEY_UILaunchStoryboardName = LaunchScreen;
				INFOPLIST_KEY_UISupportedInterfaceOrientations = UIInterfaceOrientationPortrait;
				INFOPLIST_KEY_UISupportedInterfaceOrientations_iPad = UIInterfaceOrientationPortrait;
				IPHONEOS_DEPLOYMENT_TARGET = 13.4;
				LD_RUNPATH_SEARCH_PATHS = (
					"$(inherited)",
					"@executable_path/Frameworks",
				);
				MARKETING_VERSION = 1.0;
				PRODUCT_BUNDLE_IDENTIFIER = ru.yandex.practicum.Tracker;
				PRODUCT_NAME = "$(TARGET_NAME)";
				SWIFT_EMIT_LOC_STRINGS = YES;
				SWIFT_VERSION = 5.0;
				TARGETED_DEVICE_FAMILY = 1;
			};
			name = Debug;
		};
		436ECCF62CBD7625004ED70B /* Release */ = {
			isa = XCBuildConfiguration;
			baseConfigurationReference = 3C298828E7EDCCB260FD1211 /* Pods-Tracker.release.xcconfig */;
			buildSettings = {
				ASSETCATALOG_COMPILER_APPICON_NAME = AppIcon;
				ASSETCATALOG_COMPILER_GLOBAL_ACCENT_COLOR_NAME = AccentColor;
				CODE_SIGN_STYLE = Automatic;
				CURRENT_PROJECT_VERSION = 1;
				DEVELOPMENT_TEAM = V6DMK3YX7D;
				GENERATE_INFOPLIST_FILE = YES;
				INFOPLIST_FILE = Tracker/Info.plist;
				INFOPLIST_KEY_UIApplicationSupportsIndirectInputEvents = YES;
				INFOPLIST_KEY_UILaunchStoryboardName = LaunchScreen;
				INFOPLIST_KEY_UISupportedInterfaceOrientations = UIInterfaceOrientationPortrait;
				INFOPLIST_KEY_UISupportedInterfaceOrientations_iPad = UIInterfaceOrientationPortrait;
				IPHONEOS_DEPLOYMENT_TARGET = 13.4;
				LD_RUNPATH_SEARCH_PATHS = (
					"$(inherited)",
					"@executable_path/Frameworks",
				);
				MARKETING_VERSION = 1.0;
				PRODUCT_BUNDLE_IDENTIFIER = ru.yandex.practicum.Tracker;
				PRODUCT_NAME = "$(TARGET_NAME)";
				SWIFT_EMIT_LOC_STRINGS = YES;
				SWIFT_VERSION = 5.0;
				TARGETED_DEVICE_FAMILY = 1;
			};
			name = Release;
		};
/* End XCBuildConfiguration section */

/* Begin XCConfigurationList section */
		436ECCDB2CBD7624004ED70B /* Build configuration list for PBXProject "Tracker" */ = {
			isa = XCConfigurationList;
			buildConfigurations = (
				436ECCF22CBD7625004ED70B /* Debug */,
				436ECCF32CBD7625004ED70B /* Release */,
			);
			defaultConfigurationIsVisible = 0;
			defaultConfigurationName = Release;
		};
		436ECCF42CBD7625004ED70B /* Build configuration list for PBXNativeTarget "Tracker" */ = {
			isa = XCConfigurationList;
			buildConfigurations = (
				436ECCF52CBD7625004ED70B /* Debug */,
				436ECCF62CBD7625004ED70B /* Release */,
			);
			defaultConfigurationIsVisible = 0;
			defaultConfigurationName = Release;
		};
/* End XCConfigurationList section */

/* Begin XCVersionGroup section */
		43A1FEF12CDFA42300BE2123 /* TrackerCoreData.xcdatamodeld */ = {
			isa = XCVersionGroup;
			children = (
				43A1FEF22CDFA42300BE2123 /* TrackerCoreData.xcdatamodel */,
			);
			currentVersion = 43A1FEF22CDFA42300BE2123 /* TrackerCoreData.xcdatamodel */;
			path = TrackerCoreData.xcdatamodeld;
			sourceTree = "<group>";
			versionGroupType = wrapper.xcdatamodel;
		};
/* End XCVersionGroup section */
	};
	rootObject = 436ECCD82CBD7624004ED70B /* Project object */;
}
